{
  "requires": true,
  "lockfileVersion": 1,
  "dependencies": {
    "@angular/common": {
      "version": "12.2.5",
      "resolved": "https://registry.npmjs.org/@angular/common/-/common-12.2.5.tgz",
      "integrity": "sha512-iwyaGPx7ILTJn91ed7VtYkvVRRezaZ0EE2V5DzVXwCsBQyzCrBYz/Uo2udVDsJ2FXXhpxa2VjnkW55Uxl9wM0g==",
      "requires": {
        "tslib": "^2.2.0"
      }
    },
    "tslib": {
      "version": "2.3.1",
      "resolved": "https://registry.npmjs.org/tslib/-/tslib-2.3.1.tgz",
      "integrity": "sha512-77EbyPPpMz+FRFRuAFlWMtmgUWGe9UOG2Z25NqCwiIjRhOf5iKGuzSe5P2w1laq+FkRy4p+PCuVkJSGkzTEKVw=="
    }
  }
}
